hash: 2f73b81cf60e749f312346e7829394a31d40a4079ba669d6f96007d7a6c63933
updated: 2016-10-03T22:21:21.080865814-07:00
imports:
- name: github.com/codegangsta/cli
  version: d53eb991652b1d438abdd34ce4bfa3ef1539108e
- name: github.com/elazarl/go-bindata-assetfs
  version: 9a6736ed45b44bf3835afeebb3034b57ed329f3e
- name: github.com/mnbbrown/mailchimp
  version: 505288a87d9cc7151091d4dbeec0a1a9b10dee91
- name: github.com/nlopes/slack
  version: a1a63712460a18dbe828ae915f954a0f214f3d8e
- name: golang.org/x/net
  version: ffe101cce3477a6c6d8f0754d103bb0a84ec1266
  subpackages:
  - websocket
devImports: []
